
Microsoft Visual Studio Solution File, Format Version 12.00
# Visual Studio Version 17
VisualStudioVersion = 17.11.35222.181
MinimumVisualStudioVersion = 10.0.40219.1
Project("{FAE04EC0-301F-11D3-BF4B-00C04F79EFBC}") = "Week6StringsAndArreys", "Week6StringsAndArreys\Week6StringsAndArreys.csproj", "{FE445DBE-54E2-475C-9F38-B577C67E6F84}"
EndProject
Project("{FAE04EC0-301F-11D3-BF4B-00C04F79EFBC}") = "Arrays", "Arrays\Arrays.csproj", "{C7A6BD1E-FFDA-42EE-878C-24C0E9F224B6}"
EndProject
Project("{FAE04EC0-301F-11D3-BF4B-00C04F79EFBC}") = "RandomElement", "RandomElement\RandomElement.csproj", "{1D00F9D6-3815-4E31-894C-38F49ABB3D71}"
EndProject
Project("{FAE04EC0-301F-11D3-BF4B-00C04F79EFBC}") = "NumberArrays", "NumberArrays\NumberArrays.csproj", "{71CD2A1C-1326-45C7-BBC6-9733358C3296}"
EndProject
Global
	GlobalSection(SolutionConfigurationPlatforms) = preSolution
		Debug|Any CPU = Debug|Any CPU
		Release|Any CPU = Release|Any CPU
	EndGlobalSection
	GlobalSection(ProjectConfigurationPlatforms) = postSolution
		{FE445DBE-54E2-475C-9F38-B577C67E6F84}.Debug|Any CPU.ActiveCfg = Debug|Any CPU
		{FE445DBE-54E2-475C-9F38-B577C67E6F84}.Debug|Any CPU.Build.0 = Debug|Any CPU
		{FE445DBE-54E2-475C-9F38-B577C67E6F84}.Release|Any CPU.ActiveCfg = Release|Any CPU
		{FE445DBE-54E2-475C-9F38-B577C67E6F84}.Release|Any CPU.Build.0 = Release|Any CPU
		{C7A6BD1E-FFDA-42EE-878C-24C0E9F224B6}.Debug|Any CPU.ActiveCfg = Debug|Any CPU
		{C7A6BD1E-FFDA-42EE-878C-24C0E9F224B6}.Debug|Any CPU.Build.0 = Debug|Any CPU
		{C7A6BD1E-FFDA-42EE-878C-24C0E9F224B6}.Release|Any CPU.ActiveCfg = Release|Any CPU
		{C7A6BD1E-FFDA-42EE-878C-24C0E9F224B6}.Release|Any CPU.Build.0 = Release|Any CPU
		{1D00F9D6-3815-4E31-894C-38F49ABB3D71}.Debug|Any CPU.ActiveCfg = Debug|Any CPU
		{1D00F9D6-3815-4E31-894C-38F49ABB3D71}.Debug|Any CPU.Build.0 = Debug|Any CPU
		{1D00F9D6-3815-4E31-894C-38F49ABB3D71}.Release|Any CPU.ActiveCfg = Release|Any CPU
		{1D00F9D6-3815-4E31-894C-38F49ABB3D71}.Release|Any CPU.Build.0 = Release|Any CPU
		{71CD2A1C-1326-45C7-BBC6-9733358C3296}.Debug|Any CPU.ActiveCfg = Debug|Any CPU
		{71CD2A1C-1326-45C7-BBC6-9733358C3296}.Debug|Any CPU.Build.0 = Debug|Any CPU
		{71CD2A1C-1326-45C7-BBC6-9733358C3296}.Release|Any CPU.ActiveCfg = Release|Any CPU
		{71CD2A1C-1326-45C7-BBC6-9733358C3296}.Release|Any CPU.Build.0 = Release|Any CPU
	EndGlobalSection
	GlobalSection(SolutionProperties) = preSolution
		HideSolutionNode = FALSE
	EndGlobalSection
	GlobalSection(ExtensibilityGlobals) = postSolution
		SolutionGuid = {FA3648C2-92D3-4E84-B7FD-D1482E58C707}
	EndGlobalSection
EndGlobal
